lockfileVersion: 5.3

specifiers:
  unist-util-visit: ^4.1.0

dependencies:
  unist-util-visit: 4.1.0

packages:

  /@types/unist/2.0.6:
    resolution: {integrity: sha512-PBjIUxZHOuj0R15/xuwJYjFi+KZdNFrehocChv4g5hu6aFroHue8m0lBP0POdK2nKzbw0cgV1mws8+V/JAcEkQ==}
    dev: false

  /unist-util-is/5.1.1:
    resolution: {integrity: sha512-F5CZ68eYzuSvJjGhCLPL3cYx45IxkqXSetCcRgUXtbcm50X2L9oOWQlfUfDdAf+6Pd27YDblBfdtmsThXmwpbQ==}
    dev: false

  /unist-util-visit-parents/5.1.0:
    resolution: {integrity: sha512-y+QVLcY5eR/YVpqDsLf/xh9R3Q2Y4HxkZTp7ViLDU6WtJCEcPmRzW1gpdWDCDIqIlhuPDXOgttqPlykrHYDekg==}
    dependencies:
      '@types/unist': 2.0.6
      unist-util-is: 5.1.1
    dev: false

  /unist-util-visit/4.1.0:
    resolution: {integrity: sha512-n7lyhFKJfVZ9MnKtqbsqkQEk5P1KShj0+//V7mAcoI6bpbUjh3C/OG8HVD+pBihfh6Ovl01m8dkcv9HNqYajmQ==}
    dependencies:
      '@types/unist': 2.0.6
      unist-util-is: 5.1.1
      unist-util-visit-parents: 5.1.0
    dev: false
